lockfileVersion: '9.0'

settings:
  autoInstallPeers: true
  excludeLinksFromLockfile: false

importers:

  .:
    dependencies:
      '@techs/dsh-decision':
        specifier: file:../packages/decision
        version: file:../packages/decision(@deepseek-ai/cordis@4.0.4)
      '@techs/dsh-decision-jev':
        specifier: file:../packages/decision-jev
        version: file:../packages/decision-jev(@deepseek-ai/cordis@4.0.4)(@techs/dsh-decision@file:../packages/decision(@deepseek-ai/cordis@4.0.4))

packages:

  '@deepseek-ai/cordis@4.0.4':
    resolution: {integrity: sha512-obgyxqWAmFn3Re8kvsuUnyW+ihrz6eJCnJO4fh1cQzDtmPYz/zzVeUkH9R94I0OwSVOocK67Kgakm04j/oQXzg==}
    hasBin: true
    peerDependencies:
      '@deepseek-ai/cordis-plugin-include': ~1.0.9
      '@deepseek-ai/cordis-plugin-loader': ~1.0.5
    peerDependenciesMeta:
      '@deepseek-ai/cordis-plugin-include':
        optional: true
      '@deepseek-ai/cordis-plugin-loader':
        optional: true

  '@deepseek-ai/cosmokit@1.8.5':
    resolution: {integrity: sha512-LXsrlem9z8dq4sLflj2yuCuYX7KqhdzF5hZly3eZyuTo8d6oDSOXuEgC5DbQWKW+lksm6zmOutQLsP/ma6wR6A==}

  '@deepseek-ai/schemastery@3.18.4':
    resolution: {integrity: sha512-SSXO6tYuyrIqKVbmOnIq0s+riUywYzouFMcnBluHF9n4KMo2G8HvEzhCYj6pj2617/glOjbJuVInJ9hfONsjkg==}

  '@standard-schema/spec@1.1.0':
    resolution: {integrity: sha512-l2aFy5jALhniG5HgqrD6jXLi/rUWrKvqN/qJx6yoJsgKhblVd+iqqU4RCXavm/jPityDo5TCvKMnpjKnOriy0w==}

  '@techs/dsh-decision-jev@file:../packages/decision-jev':
    resolution: {directory: ../packages/decision-jev, type: directory}
    engines: {node: '>=22.19'}
    peerDependencies:
      '@deepseek-ai/cordis': ^4.0.4
      '@techs/dsh-decision': workspace:~

  '@techs/dsh-decision@file:../packages/decision':
    resolution: {directory: ../packages/decision, type: directory}
    engines: {node: '>=22.19'}
    peerDependencies:
      '@deepseek-ai/cordis': ^4.0.4

snapshots:

  '@deepseek-ai/cordis@4.0.4':
    dependencies:
      '@deepseek-ai/cosmokit': 1.8.5
      '@standard-schema/spec': 1.1.0

  '@deepseek-ai/cosmokit@1.8.5': {}

  '@deepseek-ai/schemastery@3.18.4':
    dependencies:
      '@deepseek-ai/cosmokit': 1.8.5
      '@standard-schema/spec': 1.1.0

  '@standard-schema/spec@1.1.0': {}

  '@techs/dsh-decision-jev@file:../packages/decision-jev(@deepseek-ai/cordis@4.0.4)(@techs/dsh-decision@file:../packages/decision(@deepseek-ai/cordis@4.0.4))':
    dependencies:
      '@deepseek-ai/cordis': 4.0.4
      '@deepseek-ai/schemastery': 3.18.4
      '@techs/dsh-decision': file:../packages/decision(@deepseek-ai/cordis@4.0.4)

  '@techs/dsh-decision@file:../packages/decision(@deepseek-ai/cordis@4.0.4)':
    dependencies:
      '@deepseek-ai/cordis': 4.0.4
      '@deepseek-ai/schemastery': 3.18.4
